
Microsoft Visual Studio Solution File, Format Version 12.00
# Visual Studio Version 17
VisualStudioVersion = 17.8.34309.116
MinimumVisualStudioVersion = 10.0.40219.1
Project("{9A19103F-16F7-4668-BE54-9A1E7A4F7556}") = "HebrewVerb.Infrastructure", "HebrewVerb.Infrastructure\HebrewVerb.Infrastructure.csproj", "{1C5CBC2D-BD67-4A3A-9124-E5BF85CAF374}"
EndProject
Project("{9A19103F-16F7-4668-BE54-9A1E7A4F7556}") = "HebrewVerb.Application", "HebrewVerb.Application\HebrewVerb.Application.csproj", "{0B04A7D4-61EB-4355-B97F-844250CF47A5}"
EndProject
Project("{9A19103F-16F7-4668-BE54-9A1E7A4F7556}") = "HebrewVerb.Domain", "HerbewVerb.Domain\HebrewVerb.Domain.csproj", "{819EAB50-D609-4007-80D6-D1028ADAFC52}"
EndProject
Project("{9A19103F-16F7-4668-BE54-9A1E7A4F7556}") = "HebrewVerb.Domain.Console", "HebrewVerb.Domain.Console\HebrewVerb.Domain.Console.csproj", "{FFDE920C-688D-4AAE-AD16-C2E193092C2D}"
EndProject
Project("{9A19103F-16F7-4668-BE54-9A1E7A4F7556}") = "HebrewVerb.Domain.UnitTests", "HebrewVerb.Domain.UnitTests\HebrewVerb.Domain.UnitTests.csproj", "{AAA6060A-DA74-4F09-86D3-625FCC4C6A14}"
EndProject
Project("{9A19103F-16F7-4668-BE54-9A1E7A4F7556}") = "HebrewVerb.WebApp", "HebrewVerb.WebApp\HebrewVerb.WebApp.csproj", "{B719151F-8FC0-4253-8E80-CA3D2C848EE5}"
EndProject
Project("{9A19103F-16F7-4668-BE54-9A1E7A4F7556}") = "HebrewVerb.BlazorApp", "HebrewVerb.BlazorApp\HebrewVerb.BlazorApp\HebrewVerb.BlazorApp.csproj", "{B4F6357D-3C09-4E0B-80E3-A7AE73277EF2}"
EndProject
Project("{9A19103F-16F7-4668-BE54-9A1E7A4F7556}") = "HebrewVerb.BlazorApp.Client", "HebrewVerb.BlazorApp\HebrewVerb.BlazorApp.Client\HebrewVerb.BlazorApp.Client.csproj", "{CCFC7210-1B5B-4BBC-AA14-69FBF11D7126}"
EndProject
Global
	GlobalSection(SolutionConfigurationPlatforms) = preSolution
		Debug|Any CPU = Debug|Any CPU
		Release|Any CPU = Release|Any CPU
	EndGlobalSection
	GlobalSection(ProjectConfigurationPlatforms) = postSolution
		{1C5CBC2D-BD67-4A3A-9124-E5BF85CAF374}.Debug|Any CPU.ActiveCfg = Debug|Any CPU
		{1C5CBC2D-BD67-4A3A-9124-E5BF85CAF374}.Debug|Any CPU.Build.0 = Debug|Any CPU
		{1C5CBC2D-BD67-4A3A-9124-E5BF85CAF374}.Release|Any CPU.ActiveCfg = Release|Any CPU
		{1C5CBC2D-BD67-4A3A-9124-E5BF85CAF374}.Release|Any CPU.Build.0 = Release|Any CPU
		{0B04A7D4-61EB-4355-B97F-844250CF47A5}.Debug|Any CPU.ActiveCfg = Debug|Any CPU
		{0B04A7D4-61EB-4355-B97F-844250CF47A5}.Debug|Any CPU.Build.0 = Debug|Any CPU
		{0B04A7D4-61EB-4355-B97F-844250CF47A5}.Release|Any CPU.ActiveCfg = Release|Any CPU
		{0B04A7D4-61EB-4355-B97F-844250CF47A5}.Release|Any CPU.Build.0 = Release|Any CPU
		{819EAB50-D609-4007-80D6-D1028ADAFC52}.Debug|Any CPU.ActiveCfg = Debug|Any CPU
		{819EAB50-D609-4007-80D6-D1028ADAFC52}.Debug|Any CPU.Build.0 = Debug|Any CPU
		{819EAB50-D609-4007-80D6-D1028ADAFC52}.Release|Any CPU.ActiveCfg = Release|Any CPU
		{819EAB50-D609-4007-80D6-D1028ADAFC52}.Release|Any CPU.Build.0 = Release|Any CPU
		{FFDE920C-688D-4AAE-AD16-C2E193092C2D}.Debug|Any CPU.ActiveCfg = Debug|Any CPU
		{FFDE920C-688D-4AAE-AD16-C2E193092C2D}.Debug|Any CPU.Build.0 = Debug|Any CPU
		{FFDE920C-688D-4AAE-AD16-C2E193092C2D}.Release|Any CPU.ActiveCfg = Release|Any CPU
		{FFDE920C-688D-4AAE-AD16-C2E193092C2D}.Release|Any CPU.Build.0 = Release|Any CPU
		{AAA6060A-DA74-4F09-86D3-625FCC4C6A14}.Debug|Any CPU.ActiveCfg = Debug|Any CPU
		{AAA6060A-DA74-4F09-86D3-625FCC4C6A14}.Debug|Any CPU.Build.0 = Debug|Any CPU
		{AAA6060A-DA74-4F09-86D3-625FCC4C6A14}.Release|Any CPU.ActiveCfg = Release|Any CPU
		{AAA6060A-DA74-4F09-86D3-625FCC4C6A14}.Release|Any CPU.Build.0 = Release|Any CPU
		{B719151F-8FC0-4253-8E80-CA3D2C848EE5}.Debug|Any CPU.ActiveCfg = Debug|Any CPU
		{B719151F-8FC0-4253-8E80-CA3D2C848EE5}.Debug|Any CPU.Build.0 = Debug|Any CPU
		{B719151F-8FC0-4253-8E80-CA3D2C848EE5}.Release|Any CPU.ActiveCfg = Release|Any CPU
		{B719151F-8FC0-4253-8E80-CA3D2C848EE5}.Release|Any CPU.Build.0 = Release|Any CPU
		{B4F6357D-3C09-4E0B-80E3-A7AE73277EF2}.Debug|Any CPU.ActiveCfg = Debug|Any CPU
		{B4F6357D-3C09-4E0B-80E3-A7AE73277EF2}.Debug|Any CPU.Build.0 = Debug|Any CPU
		{B4F6357D-3C09-4E0B-80E3-A7AE73277EF2}.Release|Any CPU.ActiveCfg = Release|Any CPU
		{B4F6357D-3C09-4E0B-80E3-A7AE73277EF2}.Release|Any CPU.Build.0 = Release|Any CPU
		{CCFC7210-1B5B-4BBC-AA14-69FBF11D7126}.Debug|Any CPU.ActiveCfg = Debug|Any CPU
		{CCFC7210-1B5B-4BBC-AA14-69FBF11D7126}.Debug|Any CPU.Build.0 = Debug|Any CPU
		{CCFC7210-1B5B-4BBC-AA14-69FBF11D7126}.Release|Any CPU.ActiveCfg = Release|Any CPU
		{CCFC7210-1B5B-4BBC-AA14-69FBF11D7126}.Release|Any CPU.Build.0 = Release|Any CPU
	EndGlobalSection
	GlobalSection(SolutionProperties) = preSolution
		HideSolutionNode = FALSE
	EndGlobalSection
	GlobalSection(ExtensibilityGlobals) = postSolution
		SolutionGuid = {49CECA0D-3298-4D5D-8906-3B0E26459788}
	EndGlobalSection
EndGlobal
